
Microsoft Visual Studio Solution File, Format Version 12.00
# Visual Studio Version 17
VisualStudioVersion = 17.4.33205.214
MinimumVisualStudioVersion = 10.0.40219.1
Project("{9A19103F-16F7-4668-BE54-9A1E7A4F7556}") = "MobilE-Ticaret", "MobilE-Ticaret.csproj", "{9C043D9F-E5B9-4277-A064-6FF43FE0FCF9}"
EndProject
Project("{9A19103F-16F7-4668-BE54-9A1E7A4F7556}") = "EntityLayer", "..\EntityLayer\EntityLayer.csproj", "{2AF7B07F-A1CD-4749-A4CC-30BA04B6AE27}"
EndProject
Project("{9A19103F-16F7-4668-BE54-9A1E7A4F7556}") = "DataAcsessLayer", "..\DataAcsessLayer\DataAcsessLayer.csproj", "{48370E2F-6749-4A67-AC4C-06349E25EB71}"
EndProject
Project("{9A19103F-16F7-4668-BE54-9A1E7A4F7556}") = "BuissnesLayer", "..\BuissnesLayer\BuissnesLayer.csproj", "{6C3E9648-0E79-4709-8295-ADA4BC183502}"
EndProject
Project("{9A19103F-16F7-4668-BE54-9A1E7A4F7556}") = "MobilE-TicaretAPI", "..\MobilE-TicaretAPI\MobilE-TicaretAPI.csproj", "{B358DF9B-3952-4EBA-B197-E5D90CEDF7A5}"
EndProject
Global
	GlobalSection(SolutionConfigurationPlatforms) = preSolution
		Debug|Any CPU = Debug|Any CPU
		Release|Any CPU = Release|Any CPU
	EndGlobalSection
	GlobalSection(ProjectConfigurationPlatforms) = postSolution
		{9C043D9F-E5B9-4277-A064-6FF43FE0FCF9}.Debug|Any CPU.ActiveCfg = Debug|Any CPU
		{9C043D9F-E5B9-4277-A064-6FF43FE0FCF9}.Debug|Any CPU.Build.0 = Debug|Any CPU
		{9C043D9F-E5B9-4277-A064-6FF43FE0FCF9}.Release|Any CPU.ActiveCfg = Release|Any CPU
		{9C043D9F-E5B9-4277-A064-6FF43FE0FCF9}.Release|Any CPU.Build.0 = Release|Any CPU
		{2AF7B07F-A1CD-4749-A4CC-30BA04B6AE27}.Debug|Any CPU.ActiveCfg = Debug|Any CPU
		{2AF7B07F-A1CD-4749-A4CC-30BA04B6AE27}.Debug|Any CPU.Build.0 = Debug|Any CPU
		{2AF7B07F-A1CD-4749-A4CC-30BA04B6AE27}.Release|Any CPU.ActiveCfg = Release|Any CPU
		{2AF7B07F-A1CD-4749-A4CC-30BA04B6AE27}.Release|Any CPU.Build.0 = Release|Any CPU
		{48370E2F-6749-4A67-AC4C-06349E25EB71}.Debug|Any CPU.ActiveCfg = Debug|Any CPU
		{48370E2F-6749-4A67-AC4C-06349E25EB71}.Debug|Any CPU.Build.0 = Debug|Any CPU
		{48370E2F-6749-4A67-AC4C-06349E25EB71}.Release|Any CPU.ActiveCfg = Release|Any CPU
		{48370E2F-6749-4A67-AC4C-06349E25EB71}.Release|Any CPU.Build.0 = Release|Any CPU
		{6C3E9648-0E79-4709-8295-ADA4BC183502}.Debug|Any CPU.ActiveCfg = Debug|Any CPU
		{6C3E9648-0E79-4709-8295-ADA4BC183502}.Debug|Any CPU.Build.0 = Debug|Any CPU
		{6C3E9648-0E79-4709-8295-ADA4BC183502}.Release|Any CPU.ActiveCfg = Release|Any CPU
		{6C3E9648-0E79-4709-8295-ADA4BC183502}.Release|Any CPU.Build.0 = Release|Any CPU
		{B358DF9B-3952-4EBA-B197-E5D90CEDF7A5}.Debug|Any CPU.ActiveCfg = Debug|Any CPU
		{B358DF9B-3952-4EBA-B197-E5D90CEDF7A5}.Debug|Any CPU.Build.0 = Debug|Any CPU
		{B358DF9B-3952-4EBA-B197-E5D90CEDF7A5}.Release|Any CPU.ActiveCfg = Release|Any CPU
		{B358DF9B-3952-4EBA-B197-E5D90CEDF7A5}.Release|Any CPU.Build.0 = Release|Any CPU
	EndGlobalSection
	GlobalSection(SolutionProperties) = preSolution
		HideSolutionNode = FALSE
	EndGlobalSection
	GlobalSection(ExtensibilityGlobals) = postSolution
		SolutionGuid = {530F429A-3E99-4163-8B46-D3BCF1F11D07}
	EndGlobalSection
EndGlobal
